// !$*UTF8*$!
{
	archiveVersion = 1;
	classes = {
	};
	objectVersion = 50;
	objects = {

/* Begin PBXBuildFile section */
		BC0498042220D7D000270889 /* WeightLoading.swift in Sources */ = {isa = PBXBuildFile; fileRef = BC0498032220D7D000270889 /* WeightLoading.swift */; };
		BC04986A2221C4D900270889 /* weights in CopyFiles */ = {isa = PBXBuildFile; fileRef = BC0498692221C4D900270889 /* weights */; };
		BC04986C2221C4EA00270889 /* images in CopyFiles */ = {isa = PBXBuildFile; fileRef = BC04986B2221C4EA00270889 /* images */; };
		BC0498752221E88E00270889 /* ImageDataset.swift in Sources */ = {isa = PBXBuildFile; fileRef = BC0498742221E88E00270889 /* ImageDataset.swift */; };
		BC236339221C6EAB00C20FE4 /* AlexNet.swift in Sources */ = {isa = PBXBuildFile; fileRef = BCA444E2221B686000C440F9 /* AlexNet.swift */; };
		BC23633B221CC07200C20FE4 /* LRN.swift in Sources */ = {isa = PBXBuildFile; fileRef = BC23633A221CC07200C20FE4 /* LRN.swift */; };
		BC8CC1BE22246C3E00F77A60 /* libtensorflow_framework.so in Frameworks */ = {isa = PBXBuildFile; fileRef = BC8CC1BC22246C3E00F77A60 /* libtensorflow_framework.so */; };
		BC8CC1BF22246C3E00F77A60 /* libtensorflow.so in Frameworks */ = {isa = PBXBuildFile; fileRef = BC8CC1BD22246C3E00F77A60 /* libtensorflow.so */; };
		BC910798222366D0005C0D18 /* TensorVisualization.swift in Sources */ = {isa = PBXBuildFile; fileRef = BC910797222366D0005C0D18 /* TensorVisualization.swift */; };
		BCA444DC221B678100C440F9 /* main.swift in Sources */ = {isa = PBXBuildFile; fileRef = BCA444DB221B678100C440F9 /* main.swift */; };
/* End PBXBuildFile section */

/* Begin PBXCopyFilesBuildPhase section */
		BCA444D6221B678100C440F9 /* CopyFiles */ = {
			isa = PBXCopyFilesBuildPhase;
			buildActionMask = 12;
			dstPath = "";
			dstSubfolderSpec = 16;
			files = (
				BC04986C2221C4EA00270889 /* images in CopyFiles */,
				BC04986A2221C4D900270889 /* weights in CopyFiles */,
			);
			runOnlyForDeploymentPostprocessing = 0;
		};
/* End PBXCopyFilesBuildPhase section */

/* Begin PBXFileReference section */
		BC0498032220D7D000270889 /* WeightLoading.swift */ = {isa = PBXFileReference; lastKnownFileType = sourcecode.swift; path = WeightLoading.swift; sourceTree = "<group>"; };
		BC0498692221C4D900270889 /* weights */ = {isa = PBXFileReference; lastKnownFileType = folder; path = weights; sourceTree = "<group>"; };
		BC04986B2221C4EA00270889 /* images */ = {isa = PBXFileReference; lastKnownFileType = folder; path = images; sourceTree = "<group>"; };
		BC0498742221E88E00270889 /* ImageDataset.swift */ = {isa = PBXFileReference; lastKnownFileType = sourcecode.swift; path = ImageDataset.swift; sourceTree = "<group>"; };
		BC23633A221CC07200C20FE4 /* LRN.swift */ = {isa = PBXFileReference; lastKnownFileType = sourcecode.swift; path = LRN.swift; sourceTree = "<group>"; };
		BC8CC1BC22246C3E00F77A60 /* libtensorflow_framework.so */ = {isa = PBXFileReference; lastKnownFileType = "compiled.mach-o.dylib"; name = libtensorflow_framework.so; path = "../../../../Library/Developer/Toolchains/swift-tensorflow-DEVELOPMENT-2019-02-10-a.xctoolchain/usr/lib/swift/macosx/libtensorflow_framework.so"; sourceTree = "<group>"; };
		BC8CC1BD22246C3E00F77A60 /* libtensorflow.so */ = {isa = PBXFileReference; lastKnownFileType = "compiled.mach-o.dylib"; name = libtensorflow.so; path = "../../../../Library/Developer/Toolchains/swift-tensorflow-DEVELOPMENT-2019-02-10-a.xctoolchain/usr/lib/swift/macosx/libtensorflow.so"; sourceTree = "<group>"; };
		BC910797222366D0005C0D18 /* TensorVisualization.swift */ = {isa = PBXFileReference; lastKnownFileType = sourcecode.swift; path = TensorVisualization.swift; sourceTree = "<group>"; };
		BCA444D8221B678100C440F9 /* AlexNet-Swift */ = {isa = PBXFileReference; explicitFileType = "compiled.mach-o.executable"; includeInIndex = 0; path = "AlexNet-Swift"; sourceTree = BUILT_PRODUCTS_DIR; };
		BCA444DB221B678100C440F9 /* main.swift */ = {isa = PBXFileReference; lastKnownFileType = sourcecode.swift; path = main.swift; sourceTree = "<group>"; };
		BCA444E2221B686000C440F9 /* AlexNet.swift */ = {isa = PBXFileReference; fileEncoding = 4; lastKnownFileType = sourcecode.swift; path = AlexNet.swift; sourceTree = "<group>"; };
/* End PBXFileReference section */

/* Begin PBXFrameworksBuildPhase section */
		BCA444D5221B678100C440F9 /* Frameworks */ = {
			isa = PBXFrameworksBuildPhase;
			buildActionMask = 2147483647;
			files = (
				BC8CC1BE22246C3E00F77A60 /* libtensorflow_framework.so in Frameworks */,
				BC8CC1BF22246C3E00F77A60 /* libtensorflow.so in Frameworks */,
			);
			runOnlyForDeploymentPostprocessing = 0;
		};
/* End PBXFrameworksBuildPhase section */

/* Begin PBXGroup section */
		BCA444CF221B678100C440F9 = {
			isa = PBXGroup;
			children = (
				BCA444DA221B678100C440F9 /* AlexNet */,
				BC0498692221C4D900270889 /* weights */,
				BC04986B2221C4EA00270889 /* images */,
				BCA444D9221B678100C440F9 /* Products */,
				BCA444E4221B68B100C440F9 /* Frameworks */,
			);
			sourceTree = "<group>";
		};
		BCA444D9221B678100C440F9 /* Products */ = {
			isa = PBXGroup;
			children = (
				BCA444D8221B678100C440F9 /* AlexNet-Swift */,
			);
			name = Products;
			sourceTree = "<group>";
		};
		BCA444DA221B678100C440F9 /* AlexNet */ = {
			isa = PBXGroup;
			children = (
				BCA444DB221B678100C440F9 /* main.swift */,
				BCA444E2221B686000C440F9 /* AlexNet.swift */,
				BC23633A221CC07200C20FE4 /* LRN.swift */,
				BC0498032220D7D000270889 /* WeightLoading.swift */,
				BC0498742221E88E00270889 /* ImageDataset.swift */,
				BC910797222366D0005C0D18 /* TensorVisualization.swift */,
			);
			path = AlexNet;
			sourceTree = "<group>";
		};
		BCA444E4221B68B100C440F9 /* Frameworks */ = {
			isa = PBXGroup;
			children = (
				BC8CC1BC22246C3E00F77A60 /* libtensorflow_framework.so */,
				BC8CC1BD22246C3E00F77A60 /* libtensorflow.so */,
			);
			name = Frameworks;
			sourceTree = "<group>";
		};
/* End PBXGroup section */

/* Begin PBXNativeTarget section */
		BCA444D7221B678100C440F9 /* AlexNet-Swift */ = {
			isa = PBXNativeTarget;
			buildConfigurationList = BCA444DF221B678100C440F9 /* Build configuration list for PBXNativeTarget "AlexNet-Swift" */;
			buildPhases = (
				BCA444D4221B678100C440F9 /* Sources */,
				BCA444D5221B678100C440F9 /* Frameworks */,
				BCA444D6221B678100C440F9 /* CopyFiles */,
			);
			buildRules = (
			);
			dependencies = (
			);
			name = "AlexNet-Swift";
			productName = AlexNetTest;
			productReference = BCA444D8221B678100C440F9 /* AlexNet-Swift */;
			productType = "com.apple.product-type.tool";
		};
/* End PBXNativeTarget section */

/* Begin PBXProject section */
		BCA444D0221B678100C440F9 /* Project object */ = {
			isa = PBXProject;
			attributes = {
				LastSwiftUpdateCheck = 1010;
				LastUpgradeCheck = 1010;
				ORGANIZATIONNAME = "Perceptual Labs, LLC";
				TargetAttributes = {
					BCA444D7221B678100C440F9 = {
						CreatedOnToolsVersion = 10.1;
					};
				};
			};
			buildConfigurationList = BCA444D3221B678100C440F9 /* Build configuration list for PBXProject "AlexNet-Swift" */;
			compatibilityVersion = "Xcode 9.3";
			developmentRegion = en;
			hasScannedForEncodings = 0;
			knownRegions = (
				en,
			);
			mainGroup = BCA444CF221B678100C440F9;
			productRefGroup = BCA444D9221B678100C440F9 /* Products */;
			projectDirPath = "";
			projectRoot = "";
			targets = (
				BCA444D7221B678100C440F9 /* AlexNet-Swift */,
			);
		};
/* End PBXProject section */

/* Begin PBXSourcesBuildPhase section */
		BCA444D4221B678100C440F9 /* Sources */ = {
			isa = PBXSourcesBuildPhase;
			buildActionMask = 2147483647;
			files = (
				BC0498752221E88E00270889 /* ImageDataset.swift in Sources */,
				BC0498042220D7D000270889 /* WeightLoading.swift in Sources */,
				BC23633B221CC07200C20FE4 /* LRN.swift in Sources */,
				BCA444DC221B678100C440F9 /* main.swift in Sources */,
				BC236339221C6EAB00C20FE4 /* AlexNet.swift in Sources */,
				BC910798222366D0005C0D18 /* TensorVisualization.swift in Sources */,
			);
			runOnlyForDeploymentPostprocessing = 0;
		};
/* End PBXSourcesBuildPhase section */

/* Begin XCBuildConfiguration section */
		BCA444DD221B678100C440F9 /* Debug */ = {
			isa = XCBuildConfiguration;
			buildSettings = {
				ALWAYS_SEARCH_USER_PATHS = NO;
				CLANG_ANALYZER_NONNULL = YES;
				CLANG_ANALYZER_NUMBER_OBJECT_CONVERSION = YES_AGGRESSIVE;
				CLANG_CXX_LANGUAGE_STANDARD = "gnu++14";
				CLANG_CXX_LIBRARY = "libc++";
				CLANG_ENABLE_MODULES = YES;
				CLANG_ENABLE_OBJC_ARC = YES;
				CLANG_ENABLE_OBJC_WEAK = YES;
				CLANG_WARN_BLOCK_CAPTURE_AUTORELEASING = YES;
				CLANG_WARN_BOOL_CONVERSION = YES;
				CLANG_WARN_COMMA = YES;
				CLANG_WARN_CONSTANT_CONVERSION = YES;
				CLANG_WARN_DEPRECATED_OBJC_IMPLEMENTATIONS = YES;
				CLANG_WARN_DIRECT_OBJC_ISA_USAGE = YES_ERROR;
				CLANG_WARN_DOCUMENTATION_COMMENTS = YES;
				CLANG_WARN_EMPTY_BODY = YES;
				CLANG_WARN_ENUM_CONVERSION = YES;
				CLANG_WARN_INFINITE_RECURSION = YES;
				CLANG_WARN_INT_CONVERSION = YES;
				CLANG_WARN_NON_LITERAL_NULL_CONVERSION = YES;
				CLANG_WARN_OBJC_IMPLICIT_RETAIN_SELF = YES;
				CLANG_WARN_OBJC_LITERAL_CONVERSION = YES;
				CLANG_WARN_OBJC_ROOT_CLASS = YES_ERROR;
				CLANG_WARN_RANGE_LOOP_ANALYSIS = YES;
				CLANG_WARN_STRICT_PROTOTYPES = YES;
				CLANG_WARN_SUSPICIOUS_MOVE = YES;
				CLANG_WARN_UNGUARDED_AVAILABILITY = YES_AGGRESSIVE;
				CLANG_WARN_UNREACHABLE_CODE = YES;
				CLANG_WARN__DUPLICATE_METHOD_MATCH = YES;
				CODE_SIGN_IDENTITY = "Mac Developer";
				COPY_PHASE_STRIP = NO;
				DEBUG_INFORMATION_FORMAT = dwarf;
				ENABLE_STRICT_OBJC_MSGSEND = YES;
				ENABLE_TESTABILITY = YES;
				GCC_C_LANGUAGE_STANDARD = gnu11;
				GCC_DYNAMIC_NO_PIC = NO;
				GCC_NO_COMMON_BLOCKS = YES;
				GCC_OPTIMIZATION_LEVEL = 1;
				GCC_PREPROCESSOR_DEFINITIONS = (
					"DEBUG=1",
					"$(inherited)",
				);
				GCC_WARN_64_TO_32_BIT_CONVERSION = YES;
				GCC_WARN_ABOUT_RETURN_TYPE = YES_ERROR;
				GCC_WARN_UNDECLARED_SELECTOR = YES;
				GCC_WARN_UNINITIALIZED_AUTOS = YES_AGGRESSIVE;
				GCC_WARN_UNUSED_FUNCTION = YES;
				GCC_WARN_UNUSED_VARIABLE = YES;
				MACOSX_DEPLOYMENT_TARGET = 10.14;
				MTL_ENABLE_DEBUG_INFO = INCLUDE_SOURCE;
				MTL_FAST_MATH = YES;
				ONLY_ACTIVE_ARCH = YES;
				SDKROOT = macosx;
				SWIFT_ACTIVE_COMPILATION_CONDITIONS = DEBUG;
				SWIFT_OPTIMIZATION_LEVEL = "-O";
			};
			name = Debug;
		};
		BCA444DE221B678100C440F9 /* Release */ = {
			isa = XCBuildConfiguration;
			buildSettings = {
				ALWAYS_SEARCH_USER_PATHS = NO;
				CLANG_ANALYZER_NONNULL = YES;
				CLANG_ANALYZER_NUMBER_OBJECT_CONVERSION = YES_AGGRESSIVE;
				CLANG_CXX_LANGUAGE_STANDARD = "gnu++14";
				CLANG_CXX_LIBRARY = "libc++";
				CLANG_ENABLE_MODULES = YES;
				CLANG_ENABLE_OBJC_ARC = YES;
				CLANG_ENABLE_OBJC_WEAK = YES;
				CLANG_WARN_BLOCK_CAPTURE_AUTORELEASING = YES;
				CLANG_WARN_BOOL_CONVERSION = YES;
				CLANG_WARN_COMMA = YES;
				CLANG_WARN_CONSTANT_CONVERSION = YES;
				CLANG_WARN_DEPRECATED_OBJC_IMPLEMENTATIONS = YES;
				CLANG_WARN_DIRECT_OBJC_ISA_USAGE = YES_ERROR;
				CLANG_WARN_DOCUMENTATION_COMMENTS = YES;
				CLANG_WARN_EMPTY_BODY = YES;
				CLANG_WARN_ENUM_CONVERSION = YES;
				CLANG_WARN_INFINITE_RECURSION = YES;
				CLANG_WARN_INT_CONVERSION = YES;
				CLANG_WARN_NON_LITERAL_NULL_CONVERSION = YES;
				CLANG_WARN_OBJC_IMPLICIT_RETAIN_SELF = YES;
				CLANG_WARN_OBJC_LITERAL_CONVERSION = YES;
				CLANG_WARN_OBJC_ROOT_CLASS = YES_ERROR;
				CLANG_WARN_RANGE_LOOP_ANALYSIS = YES;
				CLANG_WARN_STRICT_PROTOTYPES = YES;
				CLANG_WARN_SUSPICIOUS_MOVE = YES;
				CLANG_WARN_UNGUARDED_AVAILABILITY = YES_AGGRESSIVE;
				CLANG_WARN_UNREACHABLE_CODE = YES;
				CLANG_WARN__DUPLICATE_METHOD_MATCH = YES;
				CODE_SIGN_IDENTITY = "Mac Developer";
				COPY_PHASE_STRIP = NO;
				DEBUG_INFORMATION_FORMAT = "dwarf-with-dsym";
				ENABLE_NS_ASSERTIONS = NO;
				ENABLE_STRICT_OBJC_MSGSEND = YES;
				GCC_C_LANGUAGE_STANDARD = gnu11;
				GCC_NO_COMMON_BLOCKS = YES;
				GCC_OPTIMIZATION_LEVEL = 1;
				GCC_WARN_64_TO_32_BIT_CONVERSION = YES;
				GCC_WARN_ABOUT_RETURN_TYPE = YES_ERROR;
				GCC_WARN_UNDECLARED_SELECTOR = YES;
				GCC_WARN_UNINITIALIZED_AUTOS = YES_AGGRESSIVE;
				GCC_WARN_UNUSED_FUNCTION = YES;
				GCC_WARN_UNUSED_VARIABLE = YES;
				MACOSX_DEPLOYMENT_TARGET = 10.14;
				MTL_ENABLE_DEBUG_INFO = NO;
				MTL_FAST_MATH = YES;
				SDKROOT = macosx;
				SWIFT_COMPILATION_MODE = wholemodule;
				SWIFT_OPTIMIZATION_LEVEL = "-O";
			};
			name = Release;
		};
		BCA444E0221B678100C440F9 /* Debug */ = {
			isa = XCBuildConfiguration;
			buildSettings = {
				CODE_SIGN_STYLE = Automatic;
				DEVELOPMENT_TEAM = J2U2U9GBML;
				LD_RUNPATH_SEARCH_PATHS = "/Library/Developer/Toolchains/swift-tensorflow-DEVELOPMENT-2019-02-10-a.xctoolchain/usr/lib/swift/macosx";
				PRODUCT_NAME = "$(TARGET_NAME)";
				SWIFT_VERSION = 4.2;
			};
			name = Debug;
		};
		BCA444E1221B678100C440F9 /* Release */ = {
			isa = XCBuildConfiguration;
			buildSettings = {
				CODE_SIGN_STYLE = Automatic;
				DEVELOPMENT_TEAM = J2U2U9GBML;
				LD_RUNPATH_SEARCH_PATHS = "/Library/Developer/Toolchains/swift-tensorflow-DEVELOPMENT-2019-02-10-a.xctoolchain/usr/lib/swift/macosx";
				PRODUCT_NAME = "$(TARGET_NAME)";
				SWIFT_VERSION = 4.2;
			};
			name = Release;
		};
/* End XCBuildConfiguration section */

/* Begin XCConfigurationList section */
		BCA444D3221B678100C440F9 /* Build configuration list for PBXProject "AlexNet-Swift" */ = {
			isa = XCConfigurationList;
			buildConfigurations = (
				BCA444DD221B678100C440F9 /* Debug */,
				BCA444DE221B678100C440F9 /* Release */,
			);
			defaultConfigurationIsVisible = 0;
			defaultConfigurationName = Release;
		};
		BCA444DF221B678100C440F9 /* Build configuration list for PBXNativeTarget "AlexNet-Swift" */ = {
			isa = XCConfigurationList;
			buildConfigurations = (
				BCA444E0221B678100C440F9 /* Debug */,
				BCA444E1221B678100C440F9 /* Release */,
			);
			defaultConfigurationIsVisible = 0;
			defaultConfigurationName = Release;
		};
/* End XCConfigurationList section */
	};
	rootObject = BCA444D0221B678100C440F9 /* Project object */;
}
